
Microsoft Visual Studio Solution File, Format Version 12.00
# Visual Studio Version 17
VisualStudioVersion = 17.1.32328.378
MinimumVisualStudioVersion = 10.0.40219.1
Project("{FAE04EC0-301F-11D3-BF4B-00C04F79EFBC}") = "MovieHub", "MovieHub\MovieHub.csproj", "{529DE09B-ADC4-4E7F-8FCB-1BAB06817133}"
EndProject
Global
	GlobalSection(SolutionConfigurationPlatforms) = preSolution
		Debug|Any CPU = Debug|Any CPU
		Release|Any CPU = Release|Any CPU
	EndGlobalSection
	GlobalSection(ProjectConfigurationPlatforms) = postSolution
		{529DE09B-ADC4-4E7F-8FCB-1BAB06817133}.Debug|Any CPU.ActiveCfg = Debug|Any CPU
		{529DE09B-ADC4-4E7F-8FCB-1BAB06817133}.Debug|Any CPU.Build.0 = Debug|Any CPU
		{529DE09B-ADC4-4E7F-8FCB-1BAB06817133}.Release|Any CPU.ActiveCfg = Release|Any CPU
		{529DE09B-ADC4-4E7F-8FCB-1BAB06817133}.Release|Any CPU.Build.0 = Release|Any CPU
	EndGlobalSection
	GlobalSection(SolutionProperties) = preSolution
		HideSolutionNode = FALSE
	EndGlobalSection
	GlobalSection(ExtensibilityGlobals) = postSolution
		SolutionGuid = {8DD31EE4-0409-4B3A-A282-09C6891C27B8}
	EndGlobalSection
EndGlobal
